// !$*UTF8*$!
{
	archiveVersion = 1;
	classes = {
	};
	objectVersion = 46;
	objects = {

/* Begin PBXBuildFile section */
		361251831D8AF1D4AEC07DC0 /* Pods_Swift_Weibo.framework in Frameworks */ = {isa = PBXBuildFile; fileRef = 899CD8D883A28402B4D6FFE9 /* Pods_Swift_Weibo.framework */; };
		448FE3AD995F4ACBAEC477C9 /* Pods_Swift_WeiboUITests.framework in Frameworks */ = {isa = PBXBuildFile; fileRef = D93CA0ECA5BBEDC4FB2BF998 /* Pods_Swift_WeiboUITests.framework */; };
		4A72FD171DE7E5C000692309 /* QRCode.storyboard in Resources */ = {isa = PBXBuildFile; fileRef = 4A72FD161DE7E5C000692309 /* QRCode.storyboard */; };
		4A87C4E71DD17C230004CA07 /* MainVCSettings.json in Resources */ = {isa = PBXBuildFile; fileRef = 4A87C4E51DD17C230004CA07 /* MainVCSettings.json */; };
		4A87C4E81DD17C230004CA07 /* NullViewController.swift in Sources */ = {isa = PBXBuildFile; fileRef = 4A87C4E61DD17C230004CA07 /* NullViewController.swift */; };
		4A8964D71DDADE5300CDAF2F /* Popover.storyboard in Resources */ = {isa = PBXBuildFile; fileRef = 4A8964D61DDADE5300CDAF2F /* Popover.storyboard */; };
		4A8964D91DDAE8F700CDAF2F /* YCPresentationController.swift in Sources */ = {isa = PBXBuildFile; fileRef = 4A8964D81DDAE8F700CDAF2F /* YCPresentationController.swift */; };
		4A94D6921DE6B82C00FCE89A /* PopoverViewController.swift in Sources */ = {isa = PBXBuildFile; fileRef = 4A94D6911DE6B82C00FCE89A /* PopoverViewController.swift */; };
		4A94D6941DE6CBF400FCE89A /* YCPresentationManager.swift in Sources */ = {isa = PBXBuildFile; fileRef = 4A94D6931DE6CBF400FCE89A /* YCPresentationManager.swift */; };
		4A9D29D81DD0241100A80E34 /* MainViewController.swift in Sources */ = {isa = PBXBuildFile; fileRef = 4A9D29D71DD0241100A80E34 /* MainViewController.swift */; };
		4A9D29DA1DD0242900A80E34 /* HomeTableViewController.swift in Sources */ = {isa = PBXBuildFile; fileRef = 4A9D29D91DD0242900A80E34 /* HomeTableViewController.swift */; };
		4A9D29DC1DD0243E00A80E34 /* MessageTableViewController.swift in Sources */ = {isa = PBXBuildFile; fileRef = 4A9D29DB1DD0243E00A80E34 /* MessageTableViewController.swift */; };
		4A9D29DE1DD0245100A80E34 /* ProfileTableViewController.swift in Sources */ = {isa = PBXBuildFile; fileRef = 4A9D29DD1DD0245100A80E34 /* ProfileTableViewController.swift */; };
		4A9D29E01DD0246800A80E34 /* DiscoverTableViewController.swift in Sources */ = {isa = PBXBuildFile; fileRef = 4A9D29DF1DD0246800A80E34 /* DiscoverTableViewController.swift */; };
		4AAA2C2B1DD2C0EB003E4F8B /* UIButton+Extension.swift in Sources */ = {isa = PBXBuildFile; fileRef = 4AAA2C2A1DD2C0EB003E4F8B /* UIButton+Extension.swift */; };
		4AAA2C2D1DD2CF20003E4F8B /* BaseTableViewController.swift in Sources */ = {isa = PBXBuildFile; fileRef = 4AAA2C2C1DD2CF20003E4F8B /* BaseTableViewController.swift */; };
		4AAA2C2F1DD2FAF7003E4F8B /* VisitorView.swift in Sources */ = {isa = PBXBuildFile; fileRef = 4AAA2C2E1DD2FAF7003E4F8B /* VisitorView.swift */; };
		4AAA2C311DD2FB26003E4F8B /* VisitorView.xib in Resources */ = {isa = PBXBuildFile; fileRef = 4AAA2C301DD2FB26003E4F8B /* VisitorView.xib */; };
		4AAFE2231DCC6BDA0012F68D /* AppDelegate.swift in Sources */ = {isa = PBXBuildFile; fileRef = 4AAFE2221DCC6BDA0012F68D /* AppDelegate.swift */; };
		4AAFE22A1DCC6BDA0012F68D /* Assets.xcassets in Resources */ = {isa = PBXBuildFile; fileRef = 4AAFE2291DCC6BDA0012F68D /* Assets.xcassets */; };
		4AAFE2381DCC6BDB0012F68D /* Swift_WeiboTests.swift in Sources */ = {isa = PBXBuildFile; fileRef = 4AAFE2371DCC6BDB0012F68D /* Swift_WeiboTests.swift */; };
		4AAFE2431DCC6BDB0012F68D /* Swift_WeiboUITests.swift in Sources */ = {isa = PBXBuildFile; fileRef = 4AAFE2421DCC6BDB0012F68D /* Swift_WeiboUITests.swift */; };
		4AB392411DD98B4100965DBD /* TitleButton.swift in Sources */ = {isa = PBXBuildFile; fileRef = 4AB392401DD98B4100965DBD /* TitleButton.swift */; };
		4AF473421DED304600CF7EFB /* QRCodeViewController.swift in Sources */ = {isa = PBXBuildFile; fileRef = 4AF473411DED304600CF7EFB /* QRCodeViewController.swift */; };
		B80FAA3802DFB7BD4481F935 /* Pods_Swift_WeiboTests.framework in Frameworks */ = {isa = PBXBuildFile; fileRef = 3F7D8588EAD54341DB9E7E81 /* Pods_Swift_WeiboTests.framework */; };
/* End PBXBuildFile section */

/* Begin PBXContainerItemProxy section */
		4AAFE2341DCC6BDB0012F68D /* PBXContainerItemProxy */ = {
			isa = PBXContainerItemProxy;
			containerPortal = 4AAFE2171DCC6BDA0012F68D /* Project object */;
			proxyType = 1;
			remoteGlobalIDString = 4AAFE21E1DCC6BDA0012F68D;
			remoteInfo = "Swift-Weibo";
		};
		4AAFE23F1DCC6BDB0012F68D /* PBXContainerItemProxy */ = {
			isa = PBXContainerItemProxy;
			containerPortal = 4AAFE2171DCC6BDA0012F68D /* Project object */;
			proxyType = 1;
			remoteGlobalIDString = 4AAFE21E1DCC6BDA0012F68D;
			remoteInfo = "Swift-Weibo";
		};
/* End PBXContainerItemProxy section */

/* Begin PBXFileReference section */
		0652201405D38F9D9E71E7A5 /* Pods-Swift-WeiboTests.release.xcconfig */ = {isa = PBXFileReference; includeInIndex = 1; lastKnownFileType = text.xcconfig; name = "Pods-Swift-WeiboTests.release.xcconfig"; path = "Pods/Target Support Files/Pods-Swift-WeiboTests/Pods-Swift-WeiboTests.release.xcconfig"; sourceTree = "<group>"; };
		2A4A97EDB0D833D13141A5A6 /* Pods-Swift-WeiboTests.debug.xcconfig */ = {isa = PBXFileReference; includeInIndex = 1; lastKnownFileType = text.xcconfig; name = "Pods-Swift-WeiboTests.debug.xcconfig"; path = "Pods/Target Support Files/Pods-Swift-WeiboTests/Pods-Swift-WeiboTests.debug.xcconfig"; sourceTree = "<group>"; };
		3F7D8588EAD54341DB9E7E81 /* Pods_Swift_WeiboTests.framework */ = {isa = PBXFileReference; explicitFileType = wrapper.framework; includeInIndex = 0; path = Pods_Swift_WeiboTests.framework; sourceTree = BUILT_PRODUCTS_DIR; };
		48D4833974614151056466F0 /* Pods-Swift-WeiboUITests.debug.xcconfig */ = {isa = PBXFileReference; includeInIndex = 1; lastKnownFileType = text.xcconfig; name = "Pods-Swift-WeiboUITests.debug.xcconfig"; path = "Pods/Target Support Files/Pods-Swift-WeiboUITests/Pods-Swift-WeiboUITests.debug.xcconfig"; sourceTree = "<group>"; };
		4A72FD161DE7E5C000692309 /* QRCode.storyboard */ = {isa = PBXFileReference; fileEncoding = 4; lastKnownFileType = file.storyboard; path = QRCode.storyboard; sourceTree = "<group>"; };
		4A87C4E51DD17C230004CA07 /* MainVCSettings.json */ = {isa = PBXFileReference; fileEncoding = 4; lastKnownFileType = text.json; path = MainVCSettings.json; sourceTree = "<group>"; };
		4A87C4E61DD17C230004CA07 /* NullViewController.swift */ = {isa = PBXFileReference; fileEncoding = 4; lastKnownFileType = sourcecode.swift; path = NullViewController.swift; sourceTree = "<group>"; };
		4A8964D61DDADE5300CDAF2F /* Popover.storyboard */ = {isa = PBXFileReference; fileEncoding = 4; lastKnownFileType = file.storyboard; path = Popover.storyboard; sourceTree = "<group>"; };
		4A8964D81DDAE8F700CDAF2F /* YCPresentationController.swift */ = {isa = PBXFileReference; fileEncoding = 4; lastKnownFileType = sourcecode.swift; path = YCPresentationController.swift; sourceTree = "<group>"; };
		4A94D6911DE6B82C00FCE89A /* PopoverViewController.swift */ = {isa = PBXFileReference; fileEncoding = 4; lastKnownFileType = sourcecode.swift; path = PopoverViewController.swift; sourceTree = "<group>"; };
		4A94D6931DE6CBF400FCE89A /* YCPresentationManager.swift */ = {isa = PBXFileReference; fileEncoding = 4; lastKnownFileType = sourcecode.swift; path = YCPresentationManager.swift; sourceTree = "<group>"; };
		4A9D29D71DD0241100A80E34 /* MainViewController.swift */ = {isa = PBXFileReference; fileEncoding = 4; lastKnownFileType = sourcecode.swift; path = MainViewController.swift; sourceTree = "<group>"; };
		4A9D29D91DD0242900A80E34 /* HomeTableViewController.swift */ = {isa = PBXFileReference; fileEncoding = 4; lastKnownFileType = sourcecode.swift; path = HomeTableViewController.swift; sourceTree = "<group>"; };
		4A9D29DB1DD0243E00A80E34 /* MessageTableViewController.swift */ = {isa = PBXFileReference; fileEncoding = 4; lastKnownFileType = sourcecode.swift; path = MessageTableViewController.swift; sourceTree = "<group>"; };
		4A9D29DD1DD0245100A80E34 /* ProfileTableViewController.swift */ = {isa = PBXFileReference; fileEncoding = 4; lastKnownFileType = sourcecode.swift; path = ProfileTableViewController.swift; sourceTree = "<group>"; };
		4A9D29DF1DD0246800A80E34 /* DiscoverTableViewController.swift */ = {isa = PBXFileReference; fileEncoding = 4; lastKnownFileType = sourcecode.swift; path = DiscoverTableViewController.swift; sourceTree = "<group>"; };
		4AAA2C2A1DD2C0EB003E4F8B /* UIButton+Extension.swift */ = {isa = PBXFileReference; fileEncoding = 4; lastKnownFileType = sourcecode.swift; path = "UIButton+Extension.swift"; sourceTree = "<group>"; };
		4AAA2C2C1DD2CF20003E4F8B /* BaseTableViewController.swift */ = {isa = PBXFileReference; fileEncoding = 4; lastKnownFileType = sourcecode.swift; path = BaseTableViewController.swift; sourceTree = "<group>"; };
		4AAA2C2E1DD2FAF7003E4F8B /* VisitorView.swift */ = {isa = PBXFileReference; fileEncoding = 4; lastKnownFileType = sourcecode.swift; path = VisitorView.swift; sourceTree = "<group>"; };
		4AAA2C301DD2FB26003E4F8B /* VisitorView.xib */ = {isa = PBXFileReference; fileEncoding = 4; lastKnownFileType = file.xib; path = VisitorView.xib; sourceTree = "<group>"; };
		4AAFE21F1DCC6BDA0012F68D /* Weibo.app */ = {isa = PBXFileReference; explicitFileType = wrapper.application; includeInIndex = 0; path = Weibo.app; sourceTree = BUILT_PRODUCTS_DIR; };
		4AAFE2221DCC6BDA0012F68D /* AppDelegate.swift */ = {isa = PBXFileReference; lastKnownFileType = sourcecode.swift; path = AppDelegate.swift; sourceTree = "<group>"; };
		4AAFE2291DCC6BDA0012F68D /* Assets.xcassets */ = {isa = PBXFileReference; lastKnownFileType = folder.assetcatalog; path = Assets.xcassets; sourceTree = "<group>"; };
		4AAFE22E1DCC6BDA0012F68D /* Info.plist */ = {isa = PBXFileReference; lastKnownFileType = text.plist.xml; path = Info.plist; sourceTree = "<group>"; };
		4AAFE2331DCC6BDB0012F68D /* Swift-WeiboTests.xctest */ = {isa = PBXFileReference; explicitFileType = wrapper.cfbundle; includeInIndex = 0; path = "Swift-WeiboTests.xctest"; sourceTree = BUILT_PRODUCTS_DIR; };
		4AAFE2371DCC6BDB0012F68D /* Swift_WeiboTests.swift */ = {isa = PBXFileReference; lastKnownFileType = sourcecode.swift; path = Swift_WeiboTests.swift; sourceTree = "<group>"; };
		4AAFE2391DCC6BDB0012F68D /* Info.plist */ = {isa = PBXFileReference; lastKnownFileType = text.plist.xml; path = Info.plist; sourceTree = "<group>"; };
		4AAFE23E1DCC6BDB0012F68D /* Swift-WeiboUITests.xctest */ = {isa = PBXFileReference; explicitFileType = wrapper.cfbundle; includeInIndex = 0; path = "Swift-WeiboUITests.xctest"; sourceTree = BUILT_PRODUCTS_DIR; };
		4AAFE2421DCC6BDB0012F68D /* Swift_WeiboUITests.swift */ = {isa = PBXFileReference; lastKnownFileType = sourcecode.swift; path = Swift_WeiboUITests.swift; sourceTree = "<group>"; };
		4AAFE2441DCC6BDB0012F68D /* Info.plist */ = {isa = PBXFileReference; lastKnownFileType = text.plist.xml; path = Info.plist; sourceTree = "<group>"; };
		4AB392401DD98B4100965DBD /* TitleButton.swift */ = {isa = PBXFileReference; fileEncoding = 4; lastKnownFileType = sourcecode.swift; path = TitleButton.swift; sourceTree = "<group>"; };
		4AF473411DED304600CF7EFB /* QRCodeViewController.swift */ = {isa = PBXFileReference; fileEncoding = 4; lastKnownFileType = sourcecode.swift; path = QRCodeViewController.swift; sourceTree = "<group>"; };
		899CD8D883A28402B4D6FFE9 /* Pods_Swift_Weibo.framework */ = {isa = PBXFileReference; explicitFileType = wrapper.framework; includeInIndex = 0; path = Pods_Swift_Weibo.framework; sourceTree = BUILT_PRODUCTS_DIR; };
		B1D62A663CD49E28B6E6071D /* Pods-Swift-WeiboUITests.release.xcconfig */ = {isa = PBXFileReference; includeInIndex = 1; lastKnownFileType = text.xcconfig; name = "Pods-Swift-WeiboUITests.release.xcconfig"; path = "Pods/Target Support Files/Pods-Swift-WeiboUITests/Pods-Swift-WeiboUITests.release.xcconfig"; sourceTree = "<group>"; };
		D93CA0ECA5BBEDC4FB2BF998 /* Pods_Swift_WeiboUITests.framework */ = {isa = PBXFileReference; explicitFileType = wrapper.framework; includeInIndex = 0; path = Pods_Swift_WeiboUITests.framework; sourceTree = BUILT_PRODUCTS_DIR; };
		D97DA3304CC19DCEBA4C7F7D /* Pods-Swift-Weibo.debug.xcconfig */ = {isa = PBXFileReference; includeInIndex = 1; lastKnownFileType = text.xcconfig; name = "Pods-Swift-Weibo.debug.xcconfig"; path = "Pods/Target Support Files/Pods-Swift-Weibo/Pods-Swift-Weibo.debug.xcconfig"; sourceTree = "<group>"; };
		DB68441BB36AAE1A2BE65346 /* Pods-Swift-Weibo.release.xcconfig */ = {isa = PBXFileReference; includeInIndex = 1; lastKnownFileType = text.xcconfig; name = "Pods-Swift-Weibo.release.xcconfig"; path = "Pods/Target Support Files/Pods-Swift-Weibo/Pods-Swift-Weibo.release.xcconfig"; sourceTree = "<group>"; };
/* End PBXFileReference section */

/* Begin PBXFrameworksBuildPhase section */
		4AAFE21C1DCC6BDA0012F68D /* Frameworks */ = {
			isa = PBXFrameworksBuildPhase;
			buildActionMask = 2147483647;
			files = (
				361251831D8AF1D4AEC07DC0 /* Pods_Swift_Weibo.framework in Frameworks */,
			);
			runOnlyForDeploymentPostprocessing = 0;
		};
		4AAFE2301DCC6BDB0012F68D /* Frameworks */ = {
			isa = PBXFrameworksBuildPhase;
			buildActionMask = 2147483647;
			files = (
				B80FAA3802DFB7BD4481F935 /* Pods_Swift_WeiboTests.framework in Frameworks */,
			);
			runOnlyForDeploymentPostprocessing = 0;
		};
		4AAFE23B1DCC6BDB0012F68D /* Frameworks */ = {
			isa = PBXFrameworksBuildPhase;
			buildActionMask = 2147483647;
			files = (
				448FE3AD995F4ACBAEC477C9 /* Pods_Swift_WeiboUITests.framework in Frameworks */,
			);
			runOnlyForDeploymentPostprocessing = 0;
		};
/* End PBXFrameworksBuildPhase section */

/* Begin PBXGroup section */
		0A38494B671FBA9F61A4CA37 /* Frameworks */ = {
			isa = PBXGroup;
			children = (
				899CD8D883A28402B4D6FFE9 /* Pods_Swift_Weibo.framework */,
				3F7D8588EAD54341DB9E7E81 /* Pods_Swift_WeiboTests.framework */,
				D93CA0ECA5BBEDC4FB2BF998 /* Pods_Swift_WeiboUITests.framework */,
			);
			name = Frameworks;
			sourceTree = "<group>";
		};
		4A72FD151DE7E3C000692309 /* QRCode */ = {
			isa = PBXGroup;
			children = (
				4A72FD161DE7E5C000692309 /* QRCode.storyboard */,
				4AF473411DED304600CF7EFB /* QRCodeViewController.swift */,
			);
			name = QRCode;
			sourceTree = "<group>";
		};
		4A87C4E41DD17C230004CA07 /* Resource */ = {
			isa = PBXGroup;
			children = (
				4A87C4E51DD17C230004CA07 /* MainVCSettings.json */,
				4A87C4E61DD17C230004CA07 /* NullViewController.swift */,
			);
			path = Resource;
			sourceTree = "<group>";
		};
		4A8964D51DDADDF800CDAF2F /* Popover */ = {
			isa = PBXGroup;
			children = (
				4A8964D61DDADE5300CDAF2F /* Popover.storyboard */,
				4A8964D81DDAE8F700CDAF2F /* YCPresentationController.swift */,
				4A94D6931DE6CBF400FCE89A /* YCPresentationManager.swift */,
				4A94D6911DE6B82C00FCE89A /* PopoverViewController.swift */,
			);
			name = Popover;
			sourceTree = "<group>";
		};
		4A9D29CF1DD0238300A80E34 /* Classes */ = {
			isa = PBXGroup;
			children = (
				4A9D29D01DD0238300A80E34 /* Compose */,
				4A9D29D11DD0238300A80E34 /* Discover */,
				4A9D29D21DD0238300A80E34 /* Home */,
				4A9D29D31DD0238300A80E34 /* Main */,
				4A9D29D41DD0238300A80E34 /* Message */,
				4A9D29D51DD0238300A80E34 /* Profile */,
				4A9D29D61DD0238300A80E34 /* Tools */,
			);
			path = Classes;
			sourceTree = "<group>";
		};
		4A9D29D01DD0238300A80E34 /* Compose */ = {
			isa = PBXGroup;
			children = (
			);
			path = Compose;
			sourceTree = "<group>";
		};
		4A9D29D11DD0238300A80E34 /* Discover */ = {
			isa = PBXGroup;
			children = (
				4A9D29DF1DD0246800A80E34 /* DiscoverTableViewController.swift */,
			);
			path = Discover;
			sourceTree = "<group>";
		};
		4A9D29D21DD0238300A80E34 /* Home */ = {
			isa = PBXGroup;
			children = (
				4A72FD151DE7E3C000692309 /* QRCode */,
				4A8964D51DDADDF800CDAF2F /* Popover */,
				4A9D29D91DD0242900A80E34 /* HomeTableViewController.swift */,
			);
			path = Home;
			sourceTree = "<group>";
		};
		4A9D29D31DD0238300A80E34 /* Main */ = {
			isa = PBXGroup;
			children = (
				4A87C4E41DD17C230004CA07 /* Resource */,
				4A9D29D71DD0241100A80E34 /* MainViewController.swift */,
				4AAA2C2C1DD2CF20003E4F8B /* BaseTableViewController.swift */,
				4AAA2C2E1DD2FAF7003E4F8B /* VisitorView.swift */,
				4AAA2C301DD2FB26003E4F8B /* VisitorView.xib */,
			);
			path = Main;
			sourceTree = "<group>";
		};
		4A9D29D41DD0238300A80E34 /* Message */ = {
			isa = PBXGroup;
			children = (
				4A9D29DB1DD0243E00A80E34 /* MessageTableViewController.swift */,
			);
			path = Message;
			sourceTree = "<group>";
		};
		4A9D29D51DD0238300A80E34 /* Profile */ = {
			isa = PBXGroup;
			children = (
				4A9D29DD1DD0245100A80E34 /* ProfileTableViewController.swift */,
			);
			path = Profile;
			sourceTree = "<group>";
		};
		4A9D29D61DD0238300A80E34 /* Tools */ = {
			isa = PBXGroup;
			children = (
				4AAA2C2A1DD2C0EB003E4F8B /* UIButton+Extension.swift */,
				4AB392401DD98B4100965DBD /* TitleButton.swift */,
			);
			path = Tools;
			sourceTree = "<group>";
		};
		4AAFE2161DCC6BDA0012F68D = {
			isa = PBXGroup;
			children = (
				4AAFE2211DCC6BDA0012F68D /* Swift-Weibo */,
				4AAFE2361DCC6BDB0012F68D /* Swift-WeiboTests */,
				4AAFE2411DCC6BDB0012F68D /* Swift-WeiboUITests */,
				4AAFE2201DCC6BDA0012F68D /* Products */,
				7AFB07E345EC95782A9B0297 /* Pods */,
				0A38494B671FBA9F61A4CA37 /* Frameworks */,
			);
			sourceTree = "<group>";
		};
		4AAFE2201DCC6BDA0012F68D /* Products */ = {
			isa = PBXGroup;
			children = (
				4AAFE21F1DCC6BDA0012F68D /* Weibo.app */,
				4AAFE2331DCC6BDB0012F68D /* Swift-WeiboTests.xctest */,
				4AAFE23E1DCC6BDB0012F68D /* Swift-WeiboUITests.xctest */,
			);
			name = Products;
			sourceTree = "<group>";
		};
		4AAFE2211DCC6BDA0012F68D /* Swift-Weibo */ = {
			isa = PBXGroup;
			children = (
				4A9D29CF1DD0238300A80E34 /* Classes */,
				4AAFE2221DCC6BDA0012F68D /* AppDelegate.swift */,
				4AAFE2291DCC6BDA0012F68D /* Assets.xcassets */,
				4AAFE22E1DCC6BDA0012F68D /* Info.plist */,
			);
			path = "Swift-Weibo";
			sourceTree = "<group>";
		};
		4AAFE2361DCC6BDB0012F68D /* Swift-WeiboTests */ = {
			isa = PBXGroup;
			children = (
				4AAFE2371DCC6BDB0012F68D /* Swift_WeiboTests.swift */,
				4AAFE2391DCC6BDB0012F68D /* Info.plist */,
			);
			path = "Swift-WeiboTests";
			sourceTree = "<group>";
		};
		4AAFE2411DCC6BDB0012F68D /* Swift-WeiboUITests */ = {
			isa = PBXGroup;
			children = (
				4AAFE2421DCC6BDB0012F68D /* Swift_WeiboUITests.swift */,
				4AAFE2441DCC6BDB0012F68D /* Info.plist */,
			);
			path = "Swift-WeiboUITests";
			sourceTree = "<group>";
		};
		7AFB07E345EC95782A9B0297 /* Pods */ = {
			isa = PBXGroup;
			children = (
				D97DA3304CC19DCEBA4C7F7D /* Pods-Swift-Weibo.debug.xcconfig */,
				DB68441BB36AAE1A2BE65346 /* Pods-Swift-Weibo.release.xcconfig */,
				2A4A97EDB0D833D13141A5A6 /* Pods-Swift-WeiboTests.debug.xcconfig */,
				0652201405D38F9D9E71E7A5 /* Pods-Swift-WeiboTests.release.xcconfig */,
				48D4833974614151056466F0 /* Pods-Swift-WeiboUITests.debug.xcconfig */,
				B1D62A663CD49E28B6E6071D /* Pods-Swift-WeiboUITests.release.xcconfig */,
			);
			name = Pods;
			sourceTree = "<group>";
		};
/* End PBXGroup section */

/* Begin PBXNativeTarget section */
		4AAFE21E1DCC6BDA0012F68D /* Swift-Weibo */ = {
			isa = PBXNativeTarget;
			buildConfigurationList = 4AAFE2471DCC6BDB0012F68D /* Build configuration list for PBXNativeTarget "Swift-Weibo" */;
			buildPhases = (
				8AAFD739C13E3DEC58319419 /* [CP] Check Pods Manifest.lock */,
				4AAFE21B1DCC6BDA0012F68D /* Sources */,
				4AAFE21C1DCC6BDA0012F68D /* Frameworks */,
				4AAFE21D1DCC6BDA0012F68D /* Resources */,
				61E7D99129E521A60CB40B07 /* [CP] Embed Pods Frameworks */,
				54BA29EF177171F9B7FF4993 /* [CP] Copy Pods Resources */,
			);
			buildRules = (
			);
			dependencies = (
			);
			name = "Swift-Weibo";
			productName = "Swift-Weibo";
			productReference = 4AAFE21F1DCC6BDA0012F68D /* Weibo.app */;
			productType = "com.apple.product-type.application";
		};
		4AAFE2321DCC6BDB0012F68D /* Swift-WeiboTests */ = {
			isa = PBXNativeTarget;
			buildConfigurationList = 4AAFE24A1DCC6BDB0012F68D /* Build configuration list for PBXNativeTarget "Swift-WeiboTests" */;
			buildPhases = (
				975328B56B4D0DF9102B3FD3 /* [CP] Check Pods Manifest.lock */,
				4AAFE22F1DCC6BDB0012F68D /* Sources */,
				4AAFE2301DCC6BDB0012F68D /* Frameworks */,
				4AAFE2311DCC6BDB0012F68D /* Resources */,
				7D7C1B6C1741A7B5FE4C4648 /* [CP] Embed Pods Frameworks */,
				08E9DB21809F56422F8B45A6 /* [CP] Copy Pods Resources */,
			);
			buildRules = (
			);
			dependencies = (
				4AAFE2351DCC6BDB0012F68D /* PBXTargetDependency */,
			);
			name = "Swift-WeiboTests";
			productName = "Swift-WeiboTests";
			productReference = 4AAFE2331DCC6BDB0012F68D /* Swift-WeiboTests.xctest */;
			productType = "com.apple.product-type.bundle.unit-test";
		};
		4AAFE23D1DCC6BDB0012F68D /* Swift-WeiboUITests */ = {
			isa = PBXNativeTarget;
			buildConfigurationList = 4AAFE24D1DCC6BDB0012F68D /* Build configuration list for PBXNativeTarget "Swift-WeiboUITests" */;
			buildPhases = (
				BD4EB1D8DAAAF0F56ADB7E2E /* [CP] Check Pods Manifest.lock */,
				4AAFE23A1DCC6BDB0012F68D /* Sources */,
				4AAFE23B1DCC6BDB0012F68D /* Frameworks */,
				4AAFE23C1DCC6BDB0012F68D /* Resources */,
				E2B4F94FBC742F9739209E6F /* [CP] Embed Pods Frameworks */,
				52DA797CE367484D6BE8479C /* [CP] Copy Pods Resources */,
			);
			buildRules = (
			);
			dependencies = (
				4AAFE2401DCC6BDB0012F68D /* PBXTargetDependency */,
			);
			name = "Swift-WeiboUITests";
			productName = "Swift-WeiboUITests";
			productReference = 4AAFE23E1DCC6BDB0012F68D /* Swift-WeiboUITests.xctest */;
			productType = "com.apple.product-type.bundle.ui-testing";
		};
/* End PBXNativeTarget section */

/* Begin PBXProject section */
		4AAFE2171DCC6BDA0012F68D /* Project object */ = {
			isa = PBXProject;
			attributes = {
				LastSwiftUpdateCheck = 0800;
				LastUpgradeCheck = 0800;
				ORGANIZATIONNAME = "ihealth-wyc";
				TargetAttributes = {
					4AAFE21E1DCC6BDA0012F68D = {
						CreatedOnToolsVersion = 8.0;
						DevelopmentTeam = 859G62RE6J;
						ProvisioningStyle = Automatic;
					};
					4AAFE2321DCC6BDB0012F68D = {
						CreatedOnToolsVersion = 8.0;
						ProvisioningStyle = Automatic;
						TestTargetID = 4AAFE21E1DCC6BDA0012F68D;
					};
					4AAFE23D1DCC6BDB0012F68D = {
						CreatedOnToolsVersion = 8.0;
						ProvisioningStyle = Automatic;
						TestTargetID = 4AAFE21E1DCC6BDA0012F68D;
					};
				};
			};
			buildConfigurationList = 4AAFE21A1DCC6BDA0012F68D /* Build configuration list for PBXProject "Swift-Weibo" */;
			compatibilityVersion = "Xcode 3.2";
			developmentRegion = English;
			hasScannedForEncodings = 0;
			knownRegions = (
				en,
				Base,
			);
			mainGroup = 4AAFE2161DCC6BDA0012F68D;
			productRefGroup = 4AAFE2201DCC6BDA0012F68D /* Products */;
			projectDirPath = "";
			projectRoot = "";
			targets = (
				4AAFE21E1DCC6BDA0012F68D /* Swift-Weibo */,
				4AAFE2321DCC6BDB0012F68D /* Swift-WeiboTests */,
				4AAFE23D1DCC6BDB0012F68D /* Swift-WeiboUITests */,
			);
		};
/* End PBXProject section */

/* Begin PBXResourcesBuildPhase section */
		4AAFE21D1DCC6BDA0012F68D /* Resources */ = {
			isa = PBXResourcesBuildPhase;
			buildActionMask = 2147483647;
			files = (
				4A8964D71DDADE5300CDAF2F /* Popover.storyboard in Resources */,
				4A87C4E71DD17C230004CA07 /* MainVCSettings.json in Resources */,
				4AAFE22A1DCC6BDA0012F68D /* Assets.xcassets in Resources */,
				4AAA2C311DD2FB26003E4F8B /* VisitorView.xib in Resources */,
				4A72FD171DE7E5C000692309 /* QRCode.storyboard in Resources */,
			);
			runOnlyForDeploymentPostprocessing = 0;
		};
		4AAFE2311DCC6BDB0012F68D /* Resources */ = {
			isa = PBXResourcesBuildPhase;
			buildActionMask = 2147483647;
			files = (
			);
			runOnlyForDeploymentPostprocessing = 0;
		};
		4AAFE23C1DCC6BDB0012F68D /* Resources */ = {
			isa = PBXResourcesBuildPhase;
			buildActionMask = 2147483647;
			files = (
			);
			runOnlyForDeploymentPostprocessing = 0;
		};
/* End PBXResourcesBuildPhase section */

/* Begin PBXShellScriptBuildPhase section */
		08E9DB21809F56422F8B45A6 /* [CP] Copy Pods Resources */ = {
			isa = PBXShellScriptBuildPhase;
			buildActionMask = 2147483647;
			files = (
			);
			inputPaths = (
			);
			name = "[CP] Copy Pods Resources";
			outputPaths = (
			);
			runOnlyForDeploymentPostprocessing = 0;
			shellPath = /bin/sh;
			shellScript = "\"${SRCROOT}/Pods/Target Support Files/Pods-Swift-WeiboTests/Pods-Swift-WeiboTests-resources.sh\"\n";
			showEnvVarsInLog = 0;
		};
		52DA797CE367484D6BE8479C /* [CP] Copy Pods Resources */ = {
			isa = PBXShellScriptBuildPhase;
			buildActionMask = 2147483647;
			files = (
			);
			inputPaths = (
			);
			name = "[CP] Copy Pods Resources";
			outputPaths = (
			);
			runOnlyForDeploymentPostprocessing = 0;
			shellPath = /bin/sh;
			shellScript = "\"${SRCROOT}/Pods/Target Support Files/Pods-Swift-WeiboUITests/Pods-Swift-WeiboUITests-resources.sh\"\n";
			showEnvVarsInLog = 0;
		};
		54BA29EF177171F9B7FF4993 /* [CP] Copy Pods Resources */ = {
			isa = PBXShellScriptBuildPhase;
			buildActionMask = 2147483647;
			files = (
			);
			inputPaths = (
			);
			name = "[CP] Copy Pods Resources";
			outputPaths = (
			);
			runOnlyForDeploymentPostprocessing = 0;
			shellPath = /bin/sh;
			shellScript = "\"${SRCROOT}/Pods/Target Support Files/Pods-Swift-Weibo/Pods-Swift-Weibo-resources.sh\"\n";
			showEnvVarsInLog = 0;
		};
		61E7D99129E521A60CB40B07 /* [CP] Embed Pods Frameworks */ = {
			isa = PBXShellScriptBuildPhase;
			buildActionMask = 2147483647;
			files = (
			);
			inputPaths = (
			);
			name = "[CP] Embed Pods Frameworks";
			outputPaths = (
			);
			runOnlyForDeploymentPostprocessing = 0;
			shellPath = /bin/sh;
			shellScript = "\"${SRCROOT}/Pods/Target Support Files/Pods-Swift-Weibo/Pods-Swift-Weibo-frameworks.sh\"\n";
			showEnvVarsInLog = 0;
		};
		7D7C1B6C1741A7B5FE4C4648 /* [CP] Embed Pods Frameworks */ = {
			isa = PBXShellScriptBuildPhase;
			buildActionMask = 2147483647;
			files = (
			);
			inputPaths = (
			);
			name = "[CP] Embed Pods Frameworks";
			outputPaths = (
			);
			runOnlyForDeploymentPostprocessing = 0;
			shellPath = /bin/sh;
			shellScript = "\"${SRCROOT}/Pods/Target Support Files/Pods-Swift-WeiboTests/Pods-Swift-WeiboTests-frameworks.sh\"\n";
			showEnvVarsInLog = 0;
		};
		8AAFD739C13E3DEC58319419 /* [CP] Check Pods Manifest.lock */ = {
			isa = PBXShellScriptBuildPhase;
			buildActionMask = 2147483647;
			files = (
			);
			inputPaths = (
			);
			name = "[CP] Check Pods Manifest.lock";
			outputPaths = (
			);
			runOnlyForDeploymentPostprocessing = 0;
			shellPath = /bin/sh;
			shellScript = "diff \"${PODS_ROOT}/../Podfile.lock\" \"${PODS_ROOT}/Manifest.lock\" > /dev/null\nif [ $? != 0 ] ; then\n    # print error to STDERR\n    echo \"error: The sandbox is not in sync with the Podfile.lock. Run 'pod install' or update your CocoaPods installation.\" >&2\n    exit 1\nfi\n";
			showEnvVarsInLog = 0;
		};
		975328B56B4D0DF9102B3FD3 /* [CP] Check Pods Manifest.lock */ = {
			isa = PBXShellScriptBuildPhase;
			buildActionMask = 2147483647;
			files = (
			);
			inputPaths = (
			);
			name = "[CP] Check Pods Manifest.lock";
			outputPaths = (
			);
			runOnlyForDeploymentPostprocessing = 0;
			shellPath = /bin/sh;
			shellScript = "diff \"${PODS_ROOT}/../Podfile.lock\" \"${PODS_ROOT}/Manifest.lock\" > /dev/null\nif [ $? != 0 ] ; then\n    # print error to STDERR\n    echo \"error: The sandbox is not in sync with the Podfile.lock. Run 'pod install' or update your CocoaPods installation.\" >&2\n    exit 1\nfi\n";
			showEnvVarsInLog = 0;
		};
		BD4EB1D8DAAAF0F56ADB7E2E /* [CP] Check Pods Manifest.lock */ = {
			isa = PBXShellScriptBuildPhase;
			buildActionMask = 2147483647;
			files = (
			);
			inputPaths = (
			);
			name = "[CP] Check Pods Manifest.lock";
			outputPaths = (
			);
			runOnlyForDeploymentPostprocessing = 0;
			shellPath = /bin/sh;
			shellScript = "diff \"${PODS_ROOT}/../Podfile.lock\" \"${PODS_ROOT}/Manifest.lock\" > /dev/null\nif [ $? != 0 ] ; then\n    # print error to STDERR\n    echo \"error: The sandbox is not in sync with the Podfile.lock. Run 'pod install' or update your CocoaPods installation.\" >&2\n    exit 1\nfi\n";
			showEnvVarsInLog = 0;
		};
		E2B4F94FBC742F9739209E6F /* [CP] Embed Pods Frameworks */ = {
			isa = PBXShellScriptBuildPhase;
			buildActionMask = 2147483647;
			files = (
			);
			inputPaths = (
			);
			name = "[CP] Embed Pods Frameworks";
			outputPaths = (
			);
			runOnlyForDeploymentPostprocessing = 0;
			shellPath = /bin/sh;
			shellScript = "\"${SRCROOT}/Pods/Target Support Files/Pods-Swift-WeiboUITests/Pods-Swift-WeiboUITests-frameworks.sh\"\n";
			showEnvVarsInLog = 0;
		};
/* End PBXShellScriptBuildPhase section */

/* Begin PBXSourcesBuildPhase section */
		4AAFE21B1DCC6BDA0012F68D /* Sources */ = {
			isa = PBXSourcesBuildPhase;
			buildActionMask = 2147483647;
			files = (
				4AAA2C2D1DD2CF20003E4F8B /* BaseTableViewController.swift in Sources */,
				4A9D29DA1DD0242900A80E34 /* HomeTableViewController.swift in Sources */,
				4A94D6921DE6B82C00FCE89A /* PopoverViewController.swift in Sources */,
				4A9D29DE1DD0245100A80E34 /* ProfileTableViewController.swift in Sources */,
				4AAFE2231DCC6BDA0012F68D /* AppDelegate.swift in Sources */,
				4A94D6941DE6CBF400FCE89A /* YCPresentationManager.swift in Sources */,
				4AB392411DD98B4100965DBD /* TitleButton.swift in Sources */,
				4A9D29DC1DD0243E00A80E34 /* MessageTableViewController.swift in Sources */,
				4A9D29E01DD0246800A80E34 /* DiscoverTableViewController.swift in Sources */,
				4AF473421DED304600CF7EFB /* QRCodeViewController.swift in Sources */,
				4AAA2C2B1DD2C0EB003E4F8B /* UIButton+Extension.swift in Sources */,
				4AAA2C2F1DD2FAF7003E4F8B /* VisitorView.swift in Sources */,
				4A8964D91DDAE8F700CDAF2F /* YCPresentationController.swift in Sources */,
				4A9D29D81DD0241100A80E34 /* MainViewController.swift in Sources */,
				4A87C4E81DD17C230004CA07 /* NullViewController.swift in Sources */,
			);
			runOnlyForDeploymentPostprocessing = 0;
		};
		4AAFE22F1DCC6BDB0012F68D /* Sources */ = {
			isa = PBXSourcesBuildPhase;
			buildActionMask = 2147483647;
			files = (
				4AAFE2381DCC6BDB0012F68D /* Swift_WeiboTests.swift in Sources */,
			);
			runOnlyForDeploymentPostprocessing = 0;
		};
		4AAFE23A1DCC6BDB0012F68D /* Sources */ = {
			isa = PBXSourcesBuildPhase;
			buildActionMask = 2147483647;
			files = (
				4AAFE2431DCC6BDB0012F68D /* Swift_WeiboUITests.swift in Sources */,
			);
			runOnlyForDeploymentPostprocessing = 0;
		};
/* End PBXSourcesBuildPhase section */

/* Begin PBXTargetDependency section */
		4AAFE2351DCC6BDB0012F68D /* PBXTargetDependency */ = {
			isa = PBXTargetDependency;
			target = 4AAFE21E1DCC6BDA0012F68D /* Swift-Weibo */;
			targetProxy = 4AAFE2341DCC6BDB0012F68D /* PBXContainerItemProxy */;
		};
		4AAFE2401DCC6BDB0012F68D /* PBXTargetDependency */ = {
			isa = PBXTargetDependency;
			target = 4AAFE21E1DCC6BDA0012F68D /* Swift-Weibo */;
			targetProxy = 4AAFE23F1DCC6BDB0012F68D /* PBXContainerItemProxy */;
		};
/* End PBXTargetDependency section */

/* Begin XCBuildConfiguration section */
		4AAFE2451DCC6BDB0012F68D /* Debug */ = {
			isa = XCBuildConfiguration;
			buildSettings = {
				ALWAYS_SEARCH_USER_PATHS = NO;
				CLANG_ANALYZER_NONNULL = YES;
				CLANG_CXX_LANGUAGE_STANDARD = "gnu++0x";
				CLANG_CXX_LIBRARY = "libc++";
				CLANG_ENABLE_MODULES = YES;
				CLANG_ENABLE_OBJC_ARC = YES;
				CLANG_WARN_BOOL_CONVERSION = YES;
				CLANG_WARN_CONSTANT_CONVERSION = YES;
				CLANG_WARN_DIRECT_OBJC_ISA_USAGE = YES_ERROR;
				CLANG_WARN_DOCUMENTATION_COMMENTS = YES;
				CLANG_WARN_EMPTY_BODY = YES;
				CLANG_WARN_ENUM_CONVERSION = YES;
				CLANG_WARN_INFINITE_RECURSION = YES;
				CLANG_WARN_INT_CONVERSION = YES;
				CLANG_WARN_OBJC_ROOT_CLASS = YES_ERROR;
				CLANG_WARN_SUSPICIOUS_MOVES = YES;
				CLANG_WARN_UNREACHABLE_CODE = YES;
				CLANG_WARN__DUPLICATE_METHOD_MATCH = YES;
				"CODE_SIGN_IDENTITY[sdk=iphoneos*]" = "iPhone Developer";
				COPY_PHASE_STRIP = NO;
				DEBUG_INFORMATION_FORMAT = dwarf;
				ENABLE_STRICT_OBJC_MSGSEND = YES;
				ENABLE_TESTABILITY = YES;
				GCC_C_LANGUAGE_STANDARD = gnu99;
				GCC_DYNAMIC_NO_PIC = NO;
				GCC_NO_COMMON_BLOCKS = YES;
				GCC_OPTIMIZATION_LEVEL = 0;
				GCC_PREPROCESSOR_DEFINITIONS = (
					"DEBUG=1",
					"$(inherited)",
				);
				GCC_WARN_64_TO_32_BIT_CONVERSION = YES;
				GCC_WARN_ABOUT_RETURN_TYPE = YES_ERROR;
				GCC_WARN_UNDECLARED_SELECTOR = YES;
				GCC_WARN_UNINITIALIZED_AUTOS = YES_AGGRESSIVE;
				GCC_WARN_UNUSED_FUNCTION = YES;
				GCC_WARN_UNUSED_VARIABLE = YES;
				IPHONEOS_DEPLOYMENT_TARGET = 10.0;
				MTL_ENABLE_DEBUG_INFO = YES;
				ONLY_ACTIVE_ARCH = YES;
				SDKROOT = iphoneos;
				SWIFT_ACTIVE_COMPILATION_CONDITIONS = DEBUG;
				SWIFT_OPTIMIZATION_LEVEL = "-Onone";
				TARGETED_DEVICE_FAMILY = "1,2";
			};
			name = Debug;
		};
		4AAFE2461DCC6BDB0012F68D /* Release */ = {
			isa = XCBuildConfiguration;
			buildSettings = {
				ALWAYS_SEARCH_USER_PATHS = NO;
				CLANG_ANALYZER_NONNULL = YES;
				CLANG_CXX_LANGUAGE_STANDARD = "gnu++0x";
				CLANG_CXX_LIBRARY = "libc++";
				CLANG_ENABLE_MODULES = YES;
				CLANG_ENABLE_OBJC_ARC = YES;
				CLANG_WARN_BOOL_CONVERSION = YES;
				CLANG_WARN_CONSTANT_CONVERSION = YES;
				CLANG_WARN_DIRECT_OBJC_ISA_USAGE = YES_ERROR;
				CLANG_WARN_DOCUMENTATION_COMMENTS = YES;
				CLANG_WARN_EMPTY_BODY = YES;
				CLANG_WARN_ENUM_CONVERSION = YES;
				CLANG_WARN_INFINITE_RECURSION = YES;
				CLANG_WARN_INT_CONVERSION = YES;
				CLANG_WARN_OBJC_ROOT_CLASS = YES_ERROR;
				CLANG_WARN_SUSPICIOUS_MOVES = YES;
				CLANG_WARN_UNREACHABLE_CODE = YES;
				CLANG_WARN__DUPLICATE_METHOD_MATCH = YES;
				"CODE_SIGN_IDENTITY[sdk=iphoneos*]" = "iPhone Developer";
				COPY_PHASE_STRIP = NO;
				DEBUG_INFORMATION_FORMAT = "dwarf-with-dsym";
				ENABLE_NS_ASSERTIONS = NO;
				ENABLE_STRICT_OBJC_MSGSEND = YES;
				GCC_C_LANGUAGE_STANDARD = gnu99;
				GCC_NO_COMMON_BLOCKS = YES;
				GCC_WARN_64_TO_32_BIT_CONVERSION = YES;
				GCC_WARN_ABOUT_RETURN_TYPE = YES_ERROR;
				GCC_WARN_UNDECLARED_SELECTOR = YES;
				GCC_WARN_UNINITIALIZED_AUTOS = YES_AGGRESSIVE;
				GCC_WARN_UNUSED_FUNCTION = YES;
				GCC_WARN_UNUSED_VARIABLE = YES;
				IPHONEOS_DEPLOYMENT_TARGET = 10.0;
				MTL_ENABLE_DEBUG_INFO = NO;
				SDKROOT = iphoneos;
				SWIFT_OPTIMIZATION_LEVEL = "-Owholemodule";
				TARGETED_DEVICE_FAMILY = "1,2";
				VALIDATE_PRODUCT = YES;
			};
			name = Release;
		};
		4AAFE2481DCC6BDB0012F68D /* Debug */ = {
			isa = XCBuildConfiguration;
			baseConfigurationReference = D97DA3304CC19DCEBA4C7F7D /* Pods-Swift-Weibo.debug.xcconfig */;
			buildSettings = {
				ASSETCATALOG_COMPILER_APPICON_NAME = AppIcon;
				ASSETCATALOG_COMPILER_LAUNCHIMAGE_NAME = LaunchImage;
				CODE_SIGN_IDENTITY = "iPhone Developer";
				"CODE_SIGN_IDENTITY[sdk=iphoneos*]" = "iPhone Developer";
				DEVELOPMENT_TEAM = 859G62RE6J;
				INFOPLIST_FILE = "Swift-Weibo/Info.plist";
				IPHONEOS_DEPLOYMENT_TARGET = 9.0;
				LD_RUNPATH_SEARCH_PATHS = "$(inherited) @executable_path/Frameworks";
				PRODUCT_BUNDLE_IDENTIFIER = "com.ihealth.www.Swift-Weibo.cn";
				PRODUCT_NAME = Weibo;
				SWIFT_VERSION = 3.0;
			};
			name = Debug;
		};
		4AAFE2491DCC6BDB0012F68D /* Release */ = {
			isa = XCBuildConfiguration;
			baseConfigurationReference = DB68441BB36AAE1A2BE65346 /* Pods-Swift-Weibo.release.xcconfig */;
			buildSettings = {
				ASSETCATALOG_COMPILER_APPICON_NAME = AppIcon;
				ASSETCATALOG_COMPILER_LAUNCHIMAGE_NAME = LaunchImage;
				CODE_SIGN_IDENTITY = "iPhone Developer";
				"CODE_SIGN_IDENTITY[sdk=iphoneos*]" = "iPhone Developer";
				DEVELOPMENT_TEAM = 859G62RE6J;
				INFOPLIST_FILE = "Swift-Weibo/Info.plist";
				IPHONEOS_DEPLOYMENT_TARGET = 9.0;
				LD_RUNPATH_SEARCH_PATHS = "$(inherited) @executable_path/Frameworks";
				PRODUCT_BUNDLE_IDENTIFIER = "com.ihealth.www.Swift-Weibo.cn";
				PRODUCT_NAME = Weibo;
				SWIFT_VERSION = 3.0;
			};
			name = Release;
		};
		4AAFE24B1DCC6BDB0012F68D /* Debug */ = {
			isa = XCBuildConfiguration;
			baseConfigurationReference = 2A4A97EDB0D833D13141A5A6 /* Pods-Swift-WeiboTests.debug.xcconfig */;
			buildSettings = {
				ALWAYS_EMBED_SWIFT_STANDARD_LIBRARIES = YES;
				BUNDLE_LOADER = "$(TEST_HOST)";
				INFOPLIST_FILE = "Swift-WeiboTests/Info.plist";
				LD_RUNPATH_SEARCH_PATHS = "$(inherited) @executable_path/Frameworks @loader_path/Frameworks";
				PRODUCT_BUNDLE_IDENTIFIER = "com.ihealth.www.Swift-WeiboTests";
				PRODUCT_NAME = "$(TARGET_NAME)";
				SWIFT_VERSION = 3.0;
				TEST_HOST = "$(BUILT_PRODUCTS_DIR)/Swift-Weibo.app/Swift-Weibo";
			};
			name = Debug;
		};
		4AAFE24C1DCC6BDB0012F68D /* Release */ = {
			isa = XCBuildConfiguration;
			baseConfigurationReference = 0652201405D38F9D9E71E7A5 /* Pods-Swift-WeiboTests.release.xcconfig */;
			buildSettings = {
				ALWAYS_EMBED_SWIFT_STANDARD_LIBRARIES = YES;
				BUNDLE_LOADER = "$(TEST_HOST)";
				INFOPLIST_FILE = "Swift-WeiboTests/Info.plist";
				LD_RUNPATH_SEARCH_PATHS = "$(inherited) @executable_path/Frameworks @loader_path/Frameworks";
				PRODUCT_BUNDLE_IDENTIFIER = "com.ihealth.www.Swift-WeiboTests";
				PRODUCT_NAME = "$(TARGET_NAME)";
				SWIFT_VERSION = 3.0;
				TEST_HOST = "$(BUILT_PRODUCTS_DIR)/Swift-Weibo.app/Swift-Weibo";
			};
			name = Release;
		};
		4AAFE24E1DCC6BDB0012F68D /* Debug */ = {
			isa = XCBuildConfiguration;
			baseConfigurationReference = 48D4833974614151056466F0 /* Pods-Swift-WeiboUITests.debug.xcconfig */;
			buildSettings = {
				ALWAYS_EMBED_SWIFT_STANDARD_LIBRARIES = YES;
				INFOPLIST_FILE = "Swift-WeiboUITests/Info.plist";
				LD_RUNPATH_SEARCH_PATHS = "$(inherited) @executable_path/Frameworks @loader_path/Frameworks";
				PRODUCT_BUNDLE_IDENTIFIER = "com.ihealth.www.Swift-WeiboUITests";
				PRODUCT_NAME = "$(TARGET_NAME)";
				SWIFT_VERSION = 3.0;
				TEST_TARGET_NAME = "Swift-Weibo";
			};
			name = Debug;
		};
		4AAFE24F1DCC6BDB0012F68D /* Release */ = {
			isa = XCBuildConfiguration;
			baseConfigurationReference = B1D62A663CD49E28B6E6071D /* Pods-Swift-WeiboUITests.release.xcconfig */;
			buildSettings = {
				ALWAYS_EMBED_SWIFT_STANDARD_LIBRARIES = YES;
				INFOPLIST_FILE = "Swift-WeiboUITests/Info.plist";
				LD_RUNPATH_SEARCH_PATHS = "$(inherited) @executable_path/Frameworks @loader_path/Frameworks";
				PRODUCT_BUNDLE_IDENTIFIER = "com.ihealth.www.Swift-WeiboUITests";
				PRODUCT_NAME = "$(TARGET_NAME)";
				SWIFT_VERSION = 3.0;
				TEST_TARGET_NAME = "Swift-Weibo";
			};
			name = Release;
		};
/* End XCBuildConfiguration section */

/* Begin XCConfigurationList section */
		4AAFE21A1DCC6BDA0012F68D /* Build configuration list for PBXProject "Swift-Weibo" */ = {
			isa = XCConfigurationList;
			buildConfigurations = (
				4AAFE2451DCC6BDB0012F68D /* Debug */,
				4AAFE2461DCC6BDB0012F68D /* Release */,
			);
			defaultConfigurationIsVisible = 0;
			defaultConfigurationName = Release;
		};
		4AAFE2471DCC6BDB0012F68D /* Build configuration list for PBXNativeTarget "Swift-Weibo" */ = {
			isa = XCConfigurationList;
			buildConfigurations = (
				4AAFE2481DCC6BDB0012F68D /* Debug */,
				4AAFE2491DCC6BDB0012F68D /* Release */,
			);
			defaultConfigurationIsVisible = 0;
			defaultConfigurationName = Release;
		};
		4AAFE24A1DCC6BDB0012F68D /* Build configuration list for PBXNativeTarget "Swift-WeiboTests" */ = {
			isa = XCConfigurationList;
			buildConfigurations = (
				4AAFE24B1DCC6BDB0012F68D /* Debug */,
				4AAFE24C1DCC6BDB0012F68D /* Release */,
			);
			defaultConfigurationIsVisible = 0;
			defaultConfigurationName = Release;
		};
		4AAFE24D1DCC6BDB0012F68D /* Build configuration list for PBXNativeTarget "Swift-WeiboUITests" */ = {
			isa = XCConfigurationList;
			buildConfigurations = (
				4AAFE24E1DCC6BDB0012F68D /* Debug */,
				4AAFE24F1DCC6BDB0012F68D /* Release */,
			);
			defaultConfigurationIsVisible = 0;
			defaultConfigurationName = Release;
		};
/* End XCConfigurationList section */
	};
	rootObject = 4AAFE2171DCC6BDA0012F68D /* Project object */;
}
