// !$*UTF8*$!
{
	archiveVersion = 1;
	classes = {
	};
	objectVersion = 46;
	objects = {

/* Begin PBXBuildFile section */
		4AAFE2231DCC6BDA0012F68D /* AppDelegate.swift in Sources */ = {isa = PBXBuildFile; fileRef = 4AAFE2221DCC6BDA0012F68D /* AppDelegate.swift */; };
		4AAFE2251DCC6BDA0012F68D /* ViewController.swift in Sources */ = {isa = PBXBuildFile; fileRef = 4AAFE2241DCC6BDA0012F68D /* ViewController.swift */; };
		4AAFE2281DCC6BDA0012F68D /* Main.storyboard in Resources */ = {isa = PBXBuildFile; fileRef = 4AAFE2261DCC6BDA0012F68D /* Main.storyboard */; };
		4AAFE22A1DCC6BDA0012F68D /* Assets.xcassets in Resources */ = {isa = PBXBuildFile; fileRef = 4AAFE2291DCC6BDA0012F68D /* Assets.xcassets */; };
		4AAFE22D1DCC6BDA0012F68D /* LaunchScreen.storyboard in Resources */ = {isa = PBXBuildFile; fileRef = 4AAFE22B1DCC6BDA0012F68D /* LaunchScreen.storyboard */; };
		4AAFE2381DCC6BDB0012F68D /* Swift_WeiboTests.swift in Sources */ = {isa = PBXBuildFile; fileRef = 4AAFE2371DCC6BDB0012F68D /* Swift_WeiboTests.swift */; };
		4AAFE2431DCC6BDB0012F68D /* Swift_WeiboUITests.swift in Sources */ = {isa = PBXBuildFile; fileRef = 4AAFE2421DCC6BDB0012F68D /* Swift_WeiboUITests.swift */; };
/* End PBXBuildFile section */

/* Begin PBXContainerItemProxy section */
		4AAFE2341DCC6BDB0012F68D /* PBXContainerItemProxy */ = {
			isa = PBXContainerItemProxy;
			containerPortal = 4AAFE2171DCC6BDA0012F68D /* Project object */;
			proxyType = 1;
			remoteGlobalIDString = 4AAFE21E1DCC6BDA0012F68D;
			remoteInfo = "Swift-Weibo";
		};
		4AAFE23F1DCC6BDB0012F68D /* PBXContainerItemProxy */ = {
			isa = PBXContainerItemProxy;
			containerPortal = 4AAFE2171DCC6BDA0012F68D /* Project object */;
			proxyType = 1;
			remoteGlobalIDString = 4AAFE21E1DCC6BDA0012F68D;
			remoteInfo = "Swift-Weibo";
		};
/* End PBXContainerItemProxy section */

/* Begin PBXFileReference section */
		4AAFE21F1DCC6BDA0012F68D /* Swift-Weibo.app */ = {isa = PBXFileReference; explicitFileType = wrapper.application; includeInIndex = 0; path = "Swift-Weibo.app"; sourceTree = BUILT_PRODUCTS_DIR; };
		4AAFE2221DCC6BDA0012F68D /* AppDelegate.swift */ = {isa = PBXFileReference; lastKnownFileType = sourcecode.swift; path = AppDelegate.swift; sourceTree = "<group>"; };
		4AAFE2241DCC6BDA0012F68D /* ViewController.swift */ = {isa = PBXFileReference; lastKnownFileType = sourcecode.swift; path = ViewController.swift; sourceTree = "<group>"; };
		4AAFE2271DCC6BDA0012F68D /* Base */ = {isa = PBXFileReference; lastKnownFileType = file.storyboard; name = Base; path = Base.lproj/Main.storyboard; sourceTree = "<group>"; };
		4AAFE2291DCC6BDA0012F68D /* Assets.xcassets */ = {isa = PBXFileReference; lastKnownFileType = folder.assetcatalog; path = Assets.xcassets; sourceTree = "<group>"; };
		4AAFE22C1DCC6BDA0012F68D /* Base */ = {isa = PBXFileReference; lastKnownFileType = file.storyboard; name = Base; path = Base.lproj/LaunchScreen.storyboard; sourceTree = "<group>"; };
		4AAFE22E1DCC6BDA0012F68D /* Info.plist */ = {isa = PBXFileReference; lastKnownFileType = text.plist.xml; path = Info.plist; sourceTree = "<group>"; };
		4AAFE2331DCC6BDB0012F68D /* Swift-WeiboTests.xctest */ = {isa = PBXFileReference; explicitFileType = wrapper.cfbundle; includeInIndex = 0; path = "Swift-WeiboTests.xctest"; sourceTree = BUILT_PRODUCTS_DIR; };
		4AAFE2371DCC6BDB0012F68D /* Swift_WeiboTests.swift */ = {isa = PBXFileReference; lastKnownFileType = sourcecode.swift; path = Swift_WeiboTests.swift; sourceTree = "<group>"; };
		4AAFE2391DCC6BDB0012F68D /* Info.plist */ = {isa = PBXFileReference; lastKnownFileType = text.plist.xml; path = Info.plist; sourceTree = "<group>"; };
		4AAFE23E1DCC6BDB0012F68D /* Swift-WeiboUITests.xctest */ = {isa = PBXFileReference; explicitFileType = wrapper.cfbundle; includeInIndex = 0; path = "Swift-WeiboUITests.xctest"; sourceTree = BUILT_PRODUCTS_DIR; };
		4AAFE2421DCC6BDB0012F68D /* Swift_WeiboUITests.swift */ = {isa = PBXFileReference; lastKnownFileType = sourcecode.swift; path = Swift_WeiboUITests.swift; sourceTree = "<group>"; };
		4AAFE2441DCC6BDB0012F68D /* Info.plist */ = {isa = PBXFileReference; lastKnownFileType = text.plist.xml; path = Info.plist; sourceTree = "<group>"; };
/* End PBXFileReference section */

/* Begin PBXFrameworksBuildPhase section */
		4AAFE21C1DCC6BDA0012F68D /* Frameworks */ = {
			isa = PBXFrameworksBuildPhase;
			buildActionMask = 2147483647;
			files = (
			);
			runOnlyForDeploymentPostprocessing = 0;
		};
		4AAFE2301DCC6BDB0012F68D /* Frameworks */ = {
			isa = PBXFrameworksBuildPhase;
			buildActionMask = 2147483647;
			files = (
			);
			runOnlyForDeploymentPostprocessing = 0;
		};
		4AAFE23B1DCC6BDB0012F68D /* Frameworks */ = {
			isa = PBXFrameworksBuildPhase;
			buildActionMask = 2147483647;
			files = (
			);
			runOnlyForDeploymentPostprocessing = 0;
		};
/* End PBXFrameworksBuildPhase section */

/* Begin PBXGroup section */
		4AAFE2161DCC6BDA0012F68D = {
			isa = PBXGroup;
			children = (
				4AAFE2211DCC6BDA0012F68D /* Swift-Weibo */,
				4AAFE2361DCC6BDB0012F68D /* Swift-WeiboTests */,
				4AAFE2411DCC6BDB0012F68D /* Swift-WeiboUITests */,
				4AAFE2201DCC6BDA0012F68D /* Products */,
			);
			sourceTree = "<group>";
		};
		4AAFE2201DCC6BDA0012F68D /* Products */ = {
			isa = PBXGroup;
			children = (
				4AAFE21F1DCC6BDA0012F68D /* Swift-Weibo.app */,
				4AAFE2331DCC6BDB0012F68D /* Swift-WeiboTests.xctest */,
				4AAFE23E1DCC6BDB0012F68D /* Swift-WeiboUITests.xctest */,
			);
			name = Products;
			sourceTree = "<group>";
		};
		4AAFE2211DCC6BDA0012F68D /* Swift-Weibo */ = {
			isa = PBXGroup;
			children = (
				4AAFE2221DCC6BDA0012F68D /* AppDelegate.swift */,
				4AAFE2241DCC6BDA0012F68D /* ViewController.swift */,
				4AAFE2261DCC6BDA0012F68D /* Main.storyboard */,
				4AAFE2291DCC6BDA0012F68D /* Assets.xcassets */,
				4AAFE22B1DCC6BDA0012F68D /* LaunchScreen.storyboard */,
				4AAFE22E1DCC6BDA0012F68D /* Info.plist */,
			);
			path = "Swift-Weibo";
			sourceTree = "<group>";
		};
		4AAFE2361DCC6BDB0012F68D /* Swift-WeiboTests */ = {
			isa = PBXGroup;
			children = (
				4AAFE2371DCC6BDB0012F68D /* Swift_WeiboTests.swift */,
				4AAFE2391DCC6BDB0012F68D /* Info.plist */,
			);
			path = "Swift-WeiboTests";
			sourceTree = "<group>";
		};
		4AAFE2411DCC6BDB0012F68D /* Swift-WeiboUITests */ = {
			isa = PBXGroup;
			children = (
				4AAFE2421DCC6BDB0012F68D /* Swift_WeiboUITests.swift */,
				4AAFE2441DCC6BDB0012F68D /* Info.plist */,
			);
			path = "Swift-WeiboUITests";
			sourceTree = "<group>";
		};
/* End PBXGroup section */

/* Begin PBXNativeTarget section */
		4AAFE21E1DCC6BDA0012F68D /* Swift-Weibo */ = {
			isa = PBXNativeTarget;
			buildConfigurationList = 4AAFE2471DCC6BDB0012F68D /* Build configuration list for PBXNativeTarget "Swift-Weibo" */;
			buildPhases = (
				4AAFE21B1DCC6BDA0012F68D /* Sources */,
				4AAFE21C1DCC6BDA0012F68D /* Frameworks */,
				4AAFE21D1DCC6BDA0012F68D /* Resources */,
			);
			buildRules = (
			);
			dependencies = (
			);
			name = "Swift-Weibo";
			productName = "Swift-Weibo";
			productReference = 4AAFE21F1DCC6BDA0012F68D /* Swift-Weibo.app */;
			productType = "com.apple.product-type.application";
		};
		4AAFE2321DCC6BDB0012F68D /* Swift-WeiboTests */ = {
			isa = PBXNativeTarget;
			buildConfigurationList = 4AAFE24A1DCC6BDB0012F68D /* Build configuration list for PBXNativeTarget "Swift-WeiboTests" */;
			buildPhases = (
				4AAFE22F1DCC6BDB0012F68D /* Sources */,
				4AAFE2301DCC6BDB0012F68D /* Frameworks */,
				4AAFE2311DCC6BDB0012F68D /* Resources */,
			);
			buildRules = (
			);
			dependencies = (
				4AAFE2351DCC6BDB0012F68D /* PBXTargetDependency */,
			);
			name = "Swift-WeiboTests";
			productName = "Swift-WeiboTests";
			productReference = 4AAFE2331DCC6BDB0012F68D /* Swift-WeiboTests.xctest */;
			productType = "com.apple.product-type.bundle.unit-test";
		};
		4AAFE23D1DCC6BDB0012F68D /* Swift-WeiboUITests */ = {
			isa = PBXNativeTarget;
			buildConfigurationList = 4AAFE24D1DCC6BDB0012F68D /* Build configuration list for PBXNativeTarget "Swift-WeiboUITests" */;
			buildPhases = (
				4AAFE23A1DCC6BDB0012F68D /* Sources */,
				4AAFE23B1DCC6BDB0012F68D /* Frameworks */,
				4AAFE23C1DCC6BDB0012F68D /* Resources */,
			);
			buildRules = (
			);
			dependencies = (
				4AAFE2401DCC6BDB0012F68D /* PBXTargetDependency */,
			);
			name = "Swift-WeiboUITests";
			productName = "Swift-WeiboUITests";
			productReference = 4AAFE23E1DCC6BDB0012F68D /* Swift-WeiboUITests.xctest */;
			productType = "com.apple.product-type.bundle.ui-testing";
		};
/* End PBXNativeTarget section */

/* Begin PBXProject section */
		4AAFE2171DCC6BDA0012F68D /* Project object */ = {
			isa = PBXProject;
			attributes = {
				LastSwiftUpdateCheck = 0800;
				LastUpgradeCheck = 0800;
				ORGANIZATIONNAME = "ihealth-wyc";
				TargetAttributes = {
					4AAFE21E1DCC6BDA0012F68D = {
						CreatedOnToolsVersion = 8.0;
						ProvisioningStyle = Automatic;
					};
					4AAFE2321DCC6BDB0012F68D = {
						CreatedOnToolsVersion = 8.0;
						ProvisioningStyle = Automatic;
						TestTargetID = 4AAFE21E1DCC6BDA0012F68D;
					};
					4AAFE23D1DCC6BDB0012F68D = {
						CreatedOnToolsVersion = 8.0;
						ProvisioningStyle = Automatic;
						TestTargetID = 4AAFE21E1DCC6BDA0012F68D;
					};
				};
			};
			buildConfigurationList = 4AAFE21A1DCC6BDA0012F68D /* Build configuration list for PBXProject "Swift-Weibo" */;
			compatibilityVersion = "Xcode 3.2";
			developmentRegion = English;
			hasScannedForEncodings = 0;
			knownRegions = (
				en,
				Base,
			);
			mainGroup = 4AAFE2161DCC6BDA0012F68D;
			productRefGroup = 4AAFE2201DCC6BDA0012F68D /* Products */;
			projectDirPath = "";
			projectRoot = "";
			targets = (
				4AAFE21E1DCC6BDA0012F68D /* Swift-Weibo */,
				4AAFE2321DCC6BDB0012F68D /* Swift-WeiboTests */,
				4AAFE23D1DCC6BDB0012F68D /* Swift-WeiboUITests */,
			);
		};
/* End PBXProject section */

/* Begin PBXResourcesBuildPhase section */
		4AAFE21D1DCC6BDA0012F68D /* Resources */ = {
			isa = PBXResourcesBuildPhase;
			buildActionMask = 2147483647;
			files = (
				4AAFE22D1DCC6BDA0012F68D /* LaunchScreen.storyboard in Resources */,
				4AAFE22A1DCC6BDA0012F68D /* Assets.xcassets in Resources */,
				4AAFE2281DCC6BDA0012F68D /* Main.storyboard in Resources */,
			);
			runOnlyForDeploymentPostprocessing = 0;
		};
		4AAFE2311DCC6BDB0012F68D /* Resources */ = {
			isa = PBXResourcesBuildPhase;
			buildActionMask = 2147483647;
			files = (
			);
			runOnlyForDeploymentPostprocessing = 0;
		};
		4AAFE23C1DCC6BDB0012F68D /* Resources */ = {
			isa = PBXResourcesBuildPhase;
			buildActionMask = 2147483647;
			files = (
			);
			runOnlyForDeploymentPostprocessing = 0;
		};
/* End PBXResourcesBuildPhase section */

/* Begin PBXSourcesBuildPhase section */
		4AAFE21B1DCC6BDA0012F68D /* Sources */ = {
			isa = PBXSourcesBuildPhase;
			buildActionMask = 2147483647;
			files = (
				4AAFE2251DCC6BDA0012F68D /* ViewController.swift in Sources */,
				4AAFE2231DCC6BDA0012F68D /* AppDelegate.swift in Sources */,
			);
			runOnlyForDeploymentPostprocessing = 0;
		};
		4AAFE22F1DCC6BDB0012F68D /* Sources */ = {
			isa = PBXSourcesBuildPhase;
			buildActionMask = 2147483647;
			files = (
				4AAFE2381DCC6BDB0012F68D /* Swift_WeiboTests.swift in Sources */,
			);
			runOnlyForDeploymentPostprocessing = 0;
		};
		4AAFE23A1DCC6BDB0012F68D /* Sources */ = {
			isa = PBXSourcesBuildPhase;
			buildActionMask = 2147483647;
			files = (
				4AAFE2431DCC6BDB0012F68D /* Swift_WeiboUITests.swift in Sources */,
			);
			runOnlyForDeploymentPostprocessing = 0;
		};
/* End PBXSourcesBuildPhase section */

/* Begin PBXTargetDependency section */
		4AAFE2351DCC6BDB0012F68D /* PBXTargetDependency */ = {
			isa = PBXTargetDependency;
			target = 4AAFE21E1DCC6BDA0012F68D /* Swift-Weibo */;
			targetProxy = 4AAFE2341DCC6BDB0012F68D /* PBXContainerItemProxy */;
		};
		4AAFE2401DCC6BDB0012F68D /* PBXTargetDependency */ = {
			isa = PBXTargetDependency;
			target = 4AAFE21E1DCC6BDA0012F68D /* Swift-Weibo */;
			targetProxy = 4AAFE23F1DCC6BDB0012F68D /* PBXContainerItemProxy */;
		};
/* End PBXTargetDependency section */

/* Begin PBXVariantGroup section */
		4AAFE2261DCC6BDA0012F68D /* Main.storyboard */ = {
			isa = PBXVariantGroup;
			children = (
				4AAFE2271DCC6BDA0012F68D /* Base */,
			);
			name = Main.storyboard;
			sourceTree = "<group>";
		};
		4AAFE22B1DCC6BDA0012F68D /* LaunchScreen.storyboard */ = {
			isa = PBXVariantGroup;
			children = (
				4AAFE22C1DCC6BDA0012F68D /* Base */,
			);
			name = LaunchScreen.storyboard;
			sourceTree = "<group>";
		};
/* End PBXVariantGroup section */

/* Begin XCBuildConfiguration section */
		4AAFE2451DCC6BDB0012F68D /* Debug */ = {
			isa = XCBuildConfiguration;
			buildSettings = {
				ALWAYS_SEARCH_USER_PATHS = NO;
				CLANG_ANALYZER_NONNULL = YES;
				CLANG_CXX_LANGUAGE_STANDARD = "gnu++0x";
				CLANG_CXX_LIBRARY = "libc++";
				CLANG_ENABLE_MODULES = YES;
				CLANG_ENABLE_OBJC_ARC = YES;
				CLANG_WARN_BOOL_CONVERSION = YES;
				CLANG_WARN_CONSTANT_CONVERSION = YES;
				CLANG_WARN_DIRECT_OBJC_ISA_USAGE = YES_ERROR;
				CLANG_WARN_DOCUMENTATION_COMMENTS = YES;
				CLANG_WARN_EMPTY_BODY = YES;
				CLANG_WARN_ENUM_CONVERSION = YES;
				CLANG_WARN_INFINITE_RECURSION = YES;
				CLANG_WARN_INT_CONVERSION = YES;
				CLANG_WARN_OBJC_ROOT_CLASS = YES_ERROR;
				CLANG_WARN_SUSPICIOUS_MOVES = YES;
				CLANG_WARN_UNREACHABLE_CODE = YES;
				CLANG_WARN__DUPLICATE_METHOD_MATCH = YES;
				"CODE_SIGN_IDENTITY[sdk=iphoneos*]" = "iPhone Developer";
				COPY_PHASE_STRIP = NO;
				DEBUG_INFORMATION_FORMAT = dwarf;
				ENABLE_STRICT_OBJC_MSGSEND = YES;
				ENABLE_TESTABILITY = YES;
				GCC_C_LANGUAGE_STANDARD = gnu99;
				GCC_DYNAMIC_NO_PIC = NO;
				GCC_NO_COMMON_BLOCKS = YES;
				GCC_OPTIMIZATION_LEVEL = 0;
				GCC_PREPROCESSOR_DEFINITIONS = (
					"DEBUG=1",
					"$(inherited)",
				);
				GCC_WARN_64_TO_32_BIT_CONVERSION = YES;
				GCC_WARN_ABOUT_RETURN_TYPE = YES_ERROR;
				GCC_WARN_UNDECLARED_SELECTOR = YES;
				GCC_WARN_UNINITIALIZED_AUTOS = YES_AGGRESSIVE;
				GCC_WARN_UNUSED_FUNCTION = YES;
				GCC_WARN_UNUSED_VARIABLE = YES;
				IPHONEOS_DEPLOYMENT_TARGET = 10.0;
				MTL_ENABLE_DEBUG_INFO = YES;
				ONLY_ACTIVE_ARCH = YES;
				SDKROOT = iphoneos;
				SWIFT_ACTIVE_COMPILATION_CONDITIONS = DEBUG;
				SWIFT_OPTIMIZATION_LEVEL = "-Onone";
				TARGETED_DEVICE_FAMILY = "1,2";
			};
			name = Debug;
		};
		4AAFE2461DCC6BDB0012F68D /* Release */ = {
			isa = XCBuildConfiguration;
			buildSettings = {
				ALWAYS_SEARCH_USER_PATHS = NO;
				CLANG_ANALYZER_NONNULL = YES;
				CLANG_CXX_LANGUAGE_STANDARD = "gnu++0x";
				CLANG_CXX_LIBRARY = "libc++";
				CLANG_ENABLE_MODULES = YES;
				CLANG_ENABLE_OBJC_ARC = YES;
				CLANG_WARN_BOOL_CONVERSION = YES;
				CLANG_WARN_CONSTANT_CONVERSION = YES;
				CLANG_WARN_DIRECT_OBJC_ISA_USAGE = YES_ERROR;
				CLANG_WARN_DOCUMENTATION_COMMENTS = YES;
				CLANG_WARN_EMPTY_BODY = YES;
				CLANG_WARN_ENUM_CONVERSION = YES;
				CLANG_WARN_INFINITE_RECURSION = YES;
				CLANG_WARN_INT_CONVERSION = YES;
				CLANG_WARN_OBJC_ROOT_CLASS = YES_ERROR;
				CLANG_WARN_SUSPICIOUS_MOVES = YES;
				CLANG_WARN_UNREACHABLE_CODE = YES;
				CLANG_WARN__DUPLICATE_METHOD_MATCH = YES;
				"CODE_SIGN_IDENTITY[sdk=iphoneos*]" = "iPhone Developer";
				COPY_PHASE_STRIP = NO;
				DEBUG_INFORMATION_FORMAT = "dwarf-with-dsym";
				ENABLE_NS_ASSERTIONS = NO;
				ENABLE_STRICT_OBJC_MSGSEND = YES;
				GCC_C_LANGUAGE_STANDARD = gnu99;
				GCC_NO_COMMON_BLOCKS = YES;
				GCC_WARN_64_TO_32_BIT_CONVERSION = YES;
				GCC_WARN_ABOUT_RETURN_TYPE = YES_ERROR;
				GCC_WARN_UNDECLARED_SELECTOR = YES;
				GCC_WARN_UNINITIALIZED_AUTOS = YES_AGGRESSIVE;
				GCC_WARN_UNUSED_FUNCTION = YES;
				GCC_WARN_UNUSED_VARIABLE = YES;
				IPHONEOS_DEPLOYMENT_TARGET = 10.0;
				MTL_ENABLE_DEBUG_INFO = NO;
				SDKROOT = iphoneos;
				SWIFT_OPTIMIZATION_LEVEL = "-Owholemodule";
				TARGETED_DEVICE_FAMILY = "1,2";
				VALIDATE_PRODUCT = YES;
			};
			name = Release;
		};
		4AAFE2481DCC6BDB0012F68D /* Debug */ = {
			isa = XCBuildConfiguration;
			buildSettings = {
				ASSETCATALOG_COMPILER_APPICON_NAME = AppIcon;
				INFOPLIST_FILE = "Swift-Weibo/Info.plist";
				LD_RUNPATH_SEARCH_PATHS = "$(inherited) @executable_path/Frameworks";
				PRODUCT_BUNDLE_IDENTIFIER = "com.ihealth.www.Swift-Weibo";
				PRODUCT_NAME = "$(TARGET_NAME)";
				SWIFT_VERSION = 3.0;
			};
			name = Debug;
		};
		4AAFE2491DCC6BDB0012F68D /* Release */ = {
			isa = XCBuildConfiguration;
			buildSettings = {
				ASSETCATALOG_COMPILER_APPICON_NAME = AppIcon;
				INFOPLIST_FILE = "Swift-Weibo/Info.plist";
				LD_RUNPATH_SEARCH_PATHS = "$(inherited) @executable_path/Frameworks";
				PRODUCT_BUNDLE_IDENTIFIER = "com.ihealth.www.Swift-Weibo";
				PRODUCT_NAME = "$(TARGET_NAME)";
				SWIFT_VERSION = 3.0;
			};
			name = Release;
		};
		4AAFE24B1DCC6BDB0012F68D /* Debug */ = {
			isa = XCBuildConfiguration;
			buildSettings = {
				ALWAYS_EMBED_SWIFT_STANDARD_LIBRARIES = YES;
				BUNDLE_LOADER = "$(TEST_HOST)";
				INFOPLIST_FILE = "Swift-WeiboTests/Info.plist";
				LD_RUNPATH_SEARCH_PATHS = "$(inherited) @executable_path/Frameworks @loader_path/Frameworks";
				PRODUCT_BUNDLE_IDENTIFIER = "com.ihealth.www.Swift-WeiboTests";
				PRODUCT_NAME = "$(TARGET_NAME)";
				SWIFT_VERSION = 3.0;
				TEST_HOST = "$(BUILT_PRODUCTS_DIR)/Swift-Weibo.app/Swift-Weibo";
			};
			name = Debug;
		};
		4AAFE24C1DCC6BDB0012F68D /* Release */ = {
			isa = XCBuildConfiguration;
			buildSettings = {
				ALWAYS_EMBED_SWIFT_STANDARD_LIBRARIES = YES;
				BUNDLE_LOADER = "$(TEST_HOST)";
				INFOPLIST_FILE = "Swift-WeiboTests/Info.plist";
				LD_RUNPATH_SEARCH_PATHS = "$(inherited) @executable_path/Frameworks @loader_path/Frameworks";
				PRODUCT_BUNDLE_IDENTIFIER = "com.ihealth.www.Swift-WeiboTests";
				PRODUCT_NAME = "$(TARGET_NAME)";
				SWIFT_VERSION = 3.0;
				TEST_HOST = "$(BUILT_PRODUCTS_DIR)/Swift-Weibo.app/Swift-Weibo";
			};
			name = Release;
		};
		4AAFE24E1DCC6BDB0012F68D /* Debug */ = {
			isa = XCBuildConfiguration;
			buildSettings = {
				ALWAYS_EMBED_SWIFT_STANDARD_LIBRARIES = YES;
				INFOPLIST_FILE = "Swift-WeiboUITests/Info.plist";
				LD_RUNPATH_SEARCH_PATHS = "$(inherited) @executable_path/Frameworks @loader_path/Frameworks";
				PRODUCT_BUNDLE_IDENTIFIER = "com.ihealth.www.Swift-WeiboUITests";
				PRODUCT_NAME = "$(TARGET_NAME)";
				SWIFT_VERSION = 3.0;
				TEST_TARGET_NAME = "Swift-Weibo";
			};
			name = Debug;
		};
		4AAFE24F1DCC6BDB0012F68D /* Release */ = {
			isa = XCBuildConfiguration;
			buildSettings = {
				ALWAYS_EMBED_SWIFT_STANDARD_LIBRARIES = YES;
				INFOPLIST_FILE = "Swift-WeiboUITests/Info.plist";
				LD_RUNPATH_SEARCH_PATHS = "$(inherited) @executable_path/Frameworks @loader_path/Frameworks";
				PRODUCT_BUNDLE_IDENTIFIER = "com.ihealth.www.Swift-WeiboUITests";
				PRODUCT_NAME = "$(TARGET_NAME)";
				SWIFT_VERSION = 3.0;
				TEST_TARGET_NAME = "Swift-Weibo";
			};
			name = Release;
		};
/* End XCBuildConfiguration section */

/* Begin XCConfigurationList section */
		4AAFE21A1DCC6BDA0012F68D /* Build configuration list for PBXProject "Swift-Weibo" */ = {
			isa = XCConfigurationList;
			buildConfigurations = (
				4AAFE2451DCC6BDB0012F68D /* Debug */,
				4AAFE2461DCC6BDB0012F68D /* Release */,
			);
			defaultConfigurationIsVisible = 0;
			defaultConfigurationName = Release;
		};
		4AAFE2471DCC6BDB0012F68D /* Build configuration list for PBXNativeTarget "Swift-Weibo" */ = {
			isa = XCConfigurationList;
			buildConfigurations = (
				4AAFE2481DCC6BDB0012F68D /* Debug */,
				4AAFE2491DCC6BDB0012F68D /* Release */,
			);
			defaultConfigurationIsVisible = 0;
		};
		4AAFE24A1DCC6BDB0012F68D /* Build configuration list for PBXNativeTarget "Swift-WeiboTests" */ = {
			isa = XCConfigurationList;
			buildConfigurations = (
				4AAFE24B1DCC6BDB0012F68D /* Debug */,
				4AAFE24C1DCC6BDB0012F68D /* Release */,
			);
			defaultConfigurationIsVisible = 0;
		};
		4AAFE24D1DCC6BDB0012F68D /* Build configuration list for PBXNativeTarget "Swift-WeiboUITests" */ = {
			isa = XCConfigurationList;
			buildConfigurations = (
				4AAFE24E1DCC6BDB0012F68D /* Debug */,
				4AAFE24F1DCC6BDB0012F68D /* Release */,
			);
			defaultConfigurationIsVisible = 0;
		};
/* End XCConfigurationList section */
	};
	rootObject = 4AAFE2171DCC6BDA0012F68D /* Project object */;
}
